// !$*UTF8*$!
{
	archiveVersion = 1;
	classes = {
	};
	objectVersion = 50;
	objects = {

/* Begin PBXBuildFile section */
		F84B2ADB216CC5CF00CA1BCA /* AppDelegate.swift in Sources */ = {isa = PBXBuildFile; fileRef = F84B2ADA216CC5CF00CA1BCA /* AppDelegate.swift */; };
		F84B2ADD216CC5CF00CA1BCA /* ViewController.swift in Sources */ = {isa = PBXBuildFile; fileRef = F84B2ADC216CC5CF00CA1BCA /* ViewController.swift */; };
		F84B2AE0216CC5CF00CA1BCA /* Main.storyboard in Resources */ = {isa = PBXBuildFile; fileRef = F84B2ADE216CC5CF00CA1BCA /* Main.storyboard */; };
		F84B2AE2216CC5D400CA1BCA /* Assets.xcassets in Resources */ = {isa = PBXBuildFile; fileRef = F84B2AE1216CC5D400CA1BCA /* Assets.xcassets */; };
		F84B2AE5216CC5D400CA1BCA /* LaunchScreen.storyboard in Resources */ = {isa = PBXBuildFile; fileRef = F84B2AE3216CC5D400CA1BCA /* LaunchScreen.storyboard */; };
		F84B2AF0216CC5D400CA1BCA /* MCComponentTests.swift in Sources */ = {isa = PBXBuildFile; fileRef = F84B2AEF216CC5D400CA1BCA /* MCComponentTests.swift */; };
		F84B2AFB216CC67200CA1BCA /* ReusableButtonView.swift in Sources */ = {isa = PBXBuildFile; fileRef = F84B2AFA216CC67200CA1BCA /* ReusableButtonView.swift */; };
		F84B2AFD216CC68800CA1BCA /* ReusableButtonView.xib in Resources */ = {isa = PBXBuildFile; fileRef = F84B2AFC216CC68800CA1BCA /* ReusableButtonView.xib */; };
/* End PBXBuildFile section */

/* Begin PBXContainerItemProxy section */
		F84B2AEC216CC5D400CA1BCA /* PBXContainerItemProxy */ = {
			isa = PBXContainerItemProxy;
			containerPortal = F84B2ACF216CC5CF00CA1BCA /* Project object */;
			proxyType = 1;
			remoteGlobalIDString = F84B2AD6216CC5CF00CA1BCA;
			remoteInfo = MCComponent;
		};
/* End PBXContainerItemProxy section */

/* Begin PBXFileReference section */
		F84B2AD7216CC5CF00CA1BCA /* MCComponent.app */ = {isa = PBXFileReference; explicitFileType = wrapper.application; includeInIndex = 0; path = MCComponent.app; sourceTree = BUILT_PRODUCTS_DIR; };
		F84B2ADA216CC5CF00CA1BCA /* AppDelegate.swift */ = {isa = PBXFileReference; lastKnownFileType = sourcecode.swift; path = AppDelegate.swift; sourceTree = "<group>"; };
		F84B2ADC216CC5CF00CA1BCA /* ViewController.swift */ = {isa = PBXFileReference; lastKnownFileType = sourcecode.swift; path = ViewController.swift; sourceTree = "<group>"; };
		F84B2ADF216CC5CF00CA1BCA /* Base */ = {isa = PBXFileReference; lastKnownFileType = file.storyboard; name = Base; path = Base.lproj/Main.storyboard; sourceTree = "<group>"; };
		F84B2AE1216CC5D400CA1BCA /* Assets.xcassets */ = {isa = PBXFileReference; lastKnownFileType = folder.assetcatalog; path = Assets.xcassets; sourceTree = "<group>"; };
		F84B2AE4216CC5D400CA1BCA /* Base */ = {isa = PBXFileReference; lastKnownFileType = file.storyboard; name = Base; path = Base.lproj/LaunchScreen.storyboard; sourceTree = "<group>"; };
		F84B2AE6216CC5D400CA1BCA /* Info.plist */ = {isa = PBXFileReference; lastKnownFileType = text.plist.xml; path = Info.plist; sourceTree = "<group>"; };
		F84B2AEB216CC5D400CA1BCA /* MCComponentTests.xctest */ = {isa = PBXFileReference; explicitFileType = wrapper.cfbundle; includeInIndex = 0; path = MCComponentTests.xctest; sourceTree = BUILT_PRODUCTS_DIR; };
		F84B2AEF216CC5D400CA1BCA /* MCComponentTests.swift */ = {isa = PBXFileReference; lastKnownFileType = sourcecode.swift; path = MCComponentTests.swift; sourceTree = "<group>"; };
		F84B2AF1216CC5D400CA1BCA /* Info.plist */ = {isa = PBXFileReference; lastKnownFileType = text.plist.xml; path = Info.plist; sourceTree = "<group>"; };
		F84B2AFA216CC67200CA1BCA /* ReusableButtonView.swift */ = {isa = PBXFileReference; lastKnownFileType = sourcecode.swift; path = ReusableButtonView.swift; sourceTree = "<group>"; };
		F84B2AFC216CC68800CA1BCA /* ReusableButtonView.xib */ = {isa = PBXFileReference; lastKnownFileType = file.xib; path = ReusableButtonView.xib; sourceTree = "<group>"; };
/* End PBXFileReference section */

/* Begin PBXFrameworksBuildPhase section */
		F84B2AD4216CC5CF00CA1BCA /* Frameworks */ = {
			isa = PBXFrameworksBuildPhase;
			buildActionMask = 2147483647;
			files = (
			);
			runOnlyForDeploymentPostprocessing = 0;
		};
		F84B2AE8216CC5D400CA1BCA /* Frameworks */ = {
			isa = PBXFrameworksBuildPhase;
			buildActionMask = 2147483647;
			files = (
			);
			runOnlyForDeploymentPostprocessing = 0;
		};
/* End PBXFrameworksBuildPhase section */

/* Begin PBXGroup section */
		F84B2ACE216CC5CF00CA1BCA = {
			isa = PBXGroup;
			children = (
				F84B2AD9216CC5CF00CA1BCA /* MCComponent */,
				F84B2AEE216CC5D400CA1BCA /* MCComponentTests */,
				F84B2AD8216CC5CF00CA1BCA /* Products */,
			);
			sourceTree = "<group>";
		};
		F84B2AD8216CC5CF00CA1BCA /* Products */ = {
			isa = PBXGroup;
			children = (
				F84B2AD7216CC5CF00CA1BCA /* MCComponent.app */,
				F84B2AEB216CC5D400CA1BCA /* MCComponentTests.xctest */,
			);
			name = Products;
			sourceTree = "<group>";
		};
		F84B2AD9216CC5CF00CA1BCA /* MCComponent */ = {
			isa = PBXGroup;
			children = (
				F84B2ADA216CC5CF00CA1BCA /* AppDelegate.swift */,
				F84B2ADC216CC5CF00CA1BCA /* ViewController.swift */,
				F84B2ADE216CC5CF00CA1BCA /* Main.storyboard */,
				F84B2AE1216CC5D400CA1BCA /* Assets.xcassets */,
				F84B2AE3216CC5D400CA1BCA /* LaunchScreen.storyboard */,
				F84B2AE6216CC5D400CA1BCA /* Info.plist */,
				F84B2AFA216CC67200CA1BCA /* ReusableButtonView.swift */,
				F84B2AFC216CC68800CA1BCA /* ReusableButtonView.xib */,
			);
			path = MCComponent;
			sourceTree = "<group>";
		};
		F84B2AEE216CC5D400CA1BCA /* MCComponentTests */ = {
			isa = PBXGroup;
			children = (
				F84B2AEF216CC5D400CA1BCA /* MCComponentTests.swift */,
				F84B2AF1216CC5D400CA1BCA /* Info.plist */,
			);
			path = MCComponentTests;
			sourceTree = "<group>";
		};
/* End PBXGroup section */

/* Begin PBXNativeTarget section */
		F84B2AD6216CC5CF00CA1BCA /* MCComponent */ = {
			isa = PBXNativeTarget;
			buildConfigurationList = F84B2AF4216CC5D400CA1BCA /* Build configuration list for PBXNativeTarget "MCComponent" */;
			buildPhases = (
				F84B2AD3216CC5CF00CA1BCA /* Sources */,
				F84B2AD4216CC5CF00CA1BCA /* Frameworks */,
				F84B2AD5216CC5CF00CA1BCA /* Resources */,
			);
			buildRules = (
			);
			dependencies = (
			);
			name = MCComponent;
			productName = MCComponent;
			productReference = F84B2AD7216CC5CF00CA1BCA /* MCComponent.app */;
			productType = "com.apple.product-type.application";
		};
		F84B2AEA216CC5D400CA1BCA /* MCComponentTests */ = {
			isa = PBXNativeTarget;
			buildConfigurationList = F84B2AF7216CC5D400CA1BCA /* Build configuration list for PBXNativeTarget "MCComponentTests" */;
			buildPhases = (
				F84B2AE7216CC5D400CA1BCA /* Sources */,
				F84B2AE8216CC5D400CA1BCA /* Frameworks */,
				F84B2AE9216CC5D400CA1BCA /* Resources */,
			);
			buildRules = (
			);
			dependencies = (
				F84B2AED216CC5D400CA1BCA /* PBXTargetDependency */,
			);
			name = MCComponentTests;
			productName = MCComponentTests;
			productReference = F84B2AEB216CC5D400CA1BCA /* MCComponentTests.xctest */;
			productType = "com.apple.product-type.bundle.unit-test";
		};
/* End PBXNativeTarget section */

/* Begin PBXProject section */
		F84B2ACF216CC5CF00CA1BCA /* Project object */ = {
			isa = PBXProject;
			attributes = {
				LastSwiftUpdateCheck = 0940;
				LastUpgradeCheck = 0940;
				ORGANIZATIONNAME = "Alexander Kostiev";
				TargetAttributes = {
					F84B2AD6216CC5CF00CA1BCA = {
						CreatedOnToolsVersion = 9.4.1;
					};
					F84B2AEA216CC5D400CA1BCA = {
						CreatedOnToolsVersion = 9.4.1;
						TestTargetID = F84B2AD6216CC5CF00CA1BCA;
					};
				};
			};
			buildConfigurationList = F84B2AD2216CC5CF00CA1BCA /* Build configuration list for PBXProject "MCComponent" */;
			compatibilityVersion = "Xcode 9.3";
			developmentRegion = en;
			hasScannedForEncodings = 0;
			knownRegions = (
				en,
				Base,
			);
			mainGroup = F84B2ACE216CC5CF00CA1BCA;
			productRefGroup = F84B2AD8216CC5CF00CA1BCA /* Products */;
			projectDirPath = "";
			projectRoot = "";
			targets = (
				F84B2AD6216CC5CF00CA1BCA /* MCComponent */,
				F84B2AEA216CC5D400CA1BCA /* MCComponentTests */,
			);
		};
/* End PBXProject section */

/* Begin PBXResourcesBuildPhase section */
		F84B2AD5216CC5CF00CA1BCA /* Resources */ = {
			isa = PBXResourcesBuildPhase;
			buildActionMask = 2147483647;
			files = (
				F84B2AE5216CC5D400CA1BCA /* LaunchScreen.storyboard in Resources */,
				F84B2AFD216CC68800CA1BCA /* ReusableButtonView.xib in Resources */,
				F84B2AE2216CC5D400CA1BCA /* Assets.xcassets in Resources */,
				F84B2AE0216CC5CF00CA1BCA /* Main.storyboard in Resources */,
			);
			runOnlyForDeploymentPostprocessing = 0;
		};
		F84B2AE9216CC5D400CA1BCA /* Resources */ = {
			isa = PBXResourcesBuildPhase;
			buildActionMask = 2147483647;
			files = (
			);
			runOnlyForDeploymentPostprocessing = 0;
		};
/* End PBXResourcesBuildPhase section */

/* Begin PBXSourcesBuildPhase section */
		F84B2AD3216CC5CF00CA1BCA /* Sources */ = {
			isa = PBXSourcesBuildPhase;
			buildActionMask = 2147483647;
			files = (
				F84B2AFB216CC67200CA1BCA /* ReusableButtonView.swift in Sources */,
				F84B2ADD216CC5CF00CA1BCA /* ViewController.swift in Sources */,
				F84B2ADB216CC5CF00CA1BCA /* AppDelegate.swift in Sources */,
			);
			runOnlyForDeploymentPostprocessing = 0;
		};
		F84B2AE7216CC5D400CA1BCA /* Sources */ = {
			isa = PBXSourcesBuildPhase;
			buildActionMask = 2147483647;
			files = (
				F84B2AF0216CC5D400CA1BCA /* MCComponentTests.swift in Sources */,
			);
			runOnlyForDeploymentPostprocessing = 0;
		};
/* End PBXSourcesBuildPhase section */

/* Begin PBXTargetDependency section */
		F84B2AED216CC5D400CA1BCA /* PBXTargetDependency */ = {
			isa = PBXTargetDependency;
			target = F84B2AD6216CC5CF00CA1BCA /* MCComponent */;
			targetProxy = F84B2AEC216CC5D400CA1BCA /* PBXContainerItemProxy */;
		};
/* End PBXTargetDependency section */

/* Begin PBXVariantGroup section */
		F84B2ADE216CC5CF00CA1BCA /* Main.storyboard */ = {
			isa = PBXVariantGroup;
			children = (
				F84B2ADF216CC5CF00CA1BCA /* Base */,
			);
			name = Main.storyboard;
			sourceTree = "<group>";
		};
		F84B2AE3216CC5D400CA1BCA /* LaunchScreen.storyboard */ = {
			isa = PBXVariantGroup;
			children = (
				F84B2AE4216CC5D400CA1BCA /* Base */,
			);
			name = LaunchScreen.storyboard;
			sourceTree = "<group>";
		};
/* End PBXVariantGroup section */

/* Begin XCBuildConfiguration section */
		F84B2AF2216CC5D400CA1BCA /* Debug */ = {
			isa = XCBuildConfiguration;
			buildSettings = {
				ALWAYS_SEARCH_USER_PATHS = NO;
				CLANG_ANALYZER_NONNULL = YES;
				CLANG_ANALYZER_NUMBER_OBJECT_CONVERSION = YES_AGGRESSIVE;
				CLANG_CXX_LANGUAGE_STANDARD = "gnu++14";
				CLANG_CXX_LIBRARY = "libc++";
				CLANG_ENABLE_MODULES = YES;
				CLANG_ENABLE_OBJC_ARC = YES;
				CLANG_ENABLE_OBJC_WEAK = YES;
				CLANG_WARN_BLOCK_CAPTURE_AUTORELEASING = YES;
				CLANG_WARN_BOOL_CONVERSION = YES;
				CLANG_WARN_COMMA = YES;
				CLANG_WARN_CONSTANT_CONVERSION = YES;
				CLANG_WARN_DEPRECATED_OBJC_IMPLEMENTATIONS = YES;
				CLANG_WARN_DIRECT_OBJC_ISA_USAGE = YES_ERROR;
				CLANG_WARN_DOCUMENTATION_COMMENTS = YES;
				CLANG_WARN_EMPTY_BODY = YES;
				CLANG_WARN_ENUM_CONVERSION = YES;
				CLANG_WARN_INFINITE_RECURSION = YES;
				CLANG_WARN_INT_CONVERSION = YES;
				CLANG_WARN_NON_LITERAL_NULL_CONVERSION = YES;
				CLANG_WARN_OBJC_IMPLICIT_RETAIN_SELF = YES;
				CLANG_WARN_OBJC_LITERAL_CONVERSION = YES;
				CLANG_WARN_OBJC_ROOT_CLASS = YES_ERROR;
				CLANG_WARN_RANGE_LOOP_ANALYSIS = YES;
				CLANG_WARN_STRICT_PROTOTYPES = YES;
				CLANG_WARN_SUSPICIOUS_MOVE = YES;
				CLANG_WARN_UNGUARDED_AVAILABILITY = YES_AGGRESSIVE;
				CLANG_WARN_UNREACHABLE_CODE = YES;
				CLANG_WARN__DUPLICATE_METHOD_MATCH = YES;
				CODE_SIGN_IDENTITY = "iPhone Developer";
				COPY_PHASE_STRIP = NO;
				DEBUG_INFORMATION_FORMAT = dwarf;
				ENABLE_STRICT_OBJC_MSGSEND = YES;
				ENABLE_TESTABILITY = YES;
				GCC_C_LANGUAGE_STANDARD = gnu11;
				GCC_DYNAMIC_NO_PIC = NO;
				GCC_NO_COMMON_BLOCKS = YES;
				GCC_OPTIMIZATION_LEVEL = 0;
				GCC_PREPROCESSOR_DEFINITIONS = (
					"DEBUG=1",
					"$(inherited)",
				);
				GCC_WARN_64_TO_32_BIT_CONVERSION = YES;
				GCC_WARN_ABOUT_RETURN_TYPE = YES_ERROR;
				GCC_WARN_UNDECLARED_SELECTOR = YES;
				GCC_WARN_UNINITIALIZED_AUTOS = YES_AGGRESSIVE;
				GCC_WARN_UNUSED_FUNCTION = YES;
				GCC_WARN_UNUSED_VARIABLE = YES;
				IPHONEOS_DEPLOYMENT_TARGET = 11.4;
				MTL_ENABLE_DEBUG_INFO = YES;
				ONLY_ACTIVE_ARCH = YES;
				SDKROOT = iphoneos;
				SWIFT_ACTIVE_COMPILATION_CONDITIONS = DEBUG;
				SWIFT_OPTIMIZATION_LEVEL = "-Onone";
			};
			name = Debug;
		};
		F84B2AF3216CC5D400CA1BCA /* Release */ = {
			isa = XCBuildConfiguration;
			buildSettings = {
				ALWAYS_SEARCH_USER_PATHS = NO;
				CLANG_ANALYZER_NONNULL = YES;
				CLANG_ANALYZER_NUMBER_OBJECT_CONVERSION = YES_AGGRESSIVE;
				CLANG_CXX_LANGUAGE_STANDARD = "gnu++14";
				CLANG_CXX_LIBRARY = "libc++";
				CLANG_ENABLE_MODULES = YES;
				CLANG_ENABLE_OBJC_ARC = YES;
				CLANG_ENABLE_OBJC_WEAK = YES;
				CLANG_WARN_BLOCK_CAPTURE_AUTORELEASING = YES;
				CLANG_WARN_BOOL_CONVERSION = YES;
				CLANG_WARN_COMMA = YES;
				CLANG_WARN_CONSTANT_CONVERSION = YES;
				CLANG_WARN_DEPRECATED_OBJC_IMPLEMENTATIONS = YES;
				CLANG_WARN_DIRECT_OBJC_ISA_USAGE = YES_ERROR;
				CLANG_WARN_DOCUMENTATION_COMMENTS = YES;
				CLANG_WARN_EMPTY_BODY = YES;
				CLANG_WARN_ENUM_CONVERSION = YES;
				CLANG_WARN_INFINITE_RECURSION = YES;
				CLANG_WARN_INT_CONVERSION = YES;
				CLANG_WARN_NON_LITERAL_NULL_CONVERSION = YES;
				CLANG_WARN_OBJC_IMPLICIT_RETAIN_SELF = YES;
				CLANG_WARN_OBJC_LITERAL_CONVERSION = YES;
				CLANG_WARN_OBJC_ROOT_CLASS = YES_ERROR;
				CLANG_WARN_RANGE_LOOP_ANALYSIS = YES;
				CLANG_WARN_STRICT_PROTOTYPES = YES;
				CLANG_WARN_SUSPICIOUS_MOVE = YES;
				CLANG_WARN_UNGUARDED_AVAILABILITY = YES_AGGRESSIVE;
				CLANG_WARN_UNREACHABLE_CODE = YES;
				CLANG_WARN__DUPLICATE_METHOD_MATCH = YES;
				CODE_SIGN_IDENTITY = "iPhone Developer";
				COPY_PHASE_STRIP = NO;
				DEBUG_INFORMATION_FORMAT = "dwarf-with-dsym";
				ENABLE_NS_ASSERTIONS = NO;
				ENABLE_STRICT_OBJC_MSGSEND = YES;
				GCC_C_LANGUAGE_STANDARD = gnu11;
				GCC_NO_COMMON_BLOCKS = YES;
				GCC_WARN_64_TO_32_BIT_CONVERSION = YES;
				GCC_WARN_ABOUT_RETURN_TYPE = YES_ERROR;
				GCC_WARN_UNDECLARED_SELECTOR = YES;
				GCC_WARN_UNINITIALIZED_AUTOS = YES_AGGRESSIVE;
				GCC_WARN_UNUSED_FUNCTION = YES;
				GCC_WARN_UNUSED_VARIABLE = YES;
				IPHONEOS_DEPLOYMENT_TARGET = 11.4;
				MTL_ENABLE_DEBUG_INFO = NO;
				SDKROOT = iphoneos;
				SWIFT_COMPILATION_MODE = wholemodule;
				SWIFT_OPTIMIZATION_LEVEL = "-O";
				VALIDATE_PRODUCT = YES;
			};
			name = Release;
		};
		F84B2AF5216CC5D400CA1BCA /* Debug */ = {
			isa = XCBuildConfiguration;
			buildSettings = {
				ASSETCATALOG_COMPILER_APPICON_NAME = AppIcon;
				CODE_SIGN_STYLE = Automatic;
				INFOPLIST_FILE = MCComponent/Info.plist;
				LD_RUNPATH_SEARCH_PATHS = (
					"$(inherited)",
					"@executable_path/Frameworks",
				);
				PRODUCT_BUNDLE_IDENTIFIER = com.griddynamics.MCComponent;
				PRODUCT_NAME = "$(TARGET_NAME)";
				SWIFT_VERSION = 4.0;
				TARGETED_DEVICE_FAMILY = "1,2";
			};
			name = Debug;
		};
		F84B2AF6216CC5D400CA1BCA /* Release */ = {
			isa = XCBuildConfiguration;
			buildSettings = {
				ASSETCATALOG_COMPILER_APPICON_NAME = AppIcon;
				CODE_SIGN_STYLE = Automatic;
				INFOPLIST_FILE = MCComponent/Info.plist;
				LD_RUNPATH_SEARCH_PATHS = (
					"$(inherited)",
					"@executable_path/Frameworks",
				);
				PRODUCT_BUNDLE_IDENTIFIER = com.griddynamics.MCComponent;
				PRODUCT_NAME = "$(TARGET_NAME)";
				SWIFT_VERSION = 4.0;
				TARGETED_DEVICE_FAMILY = "1,2";
			};
			name = Release;
		};
		F84B2AF8216CC5D400CA1BCA /* Debug */ = {
			isa = XCBuildConfiguration;
			buildSettings = {
				ALWAYS_EMBED_SWIFT_STANDARD_LIBRARIES = YES;
				BUNDLE_LOADER = "$(TEST_HOST)";
				CODE_SIGN_STYLE = Automatic;
				INFOPLIST_FILE = MCComponentTests/Info.plist;
				LD_RUNPATH_SEARCH_PATHS = (
					"$(inherited)",
					"@executable_path/Frameworks",
					"@loader_path/Frameworks",
				);
				PRODUCT_BUNDLE_IDENTIFIER = com.griddynamics.MCComponentTests;
				PRODUCT_NAME = "$(TARGET_NAME)";
				SWIFT_VERSION = 4.0;
				TARGETED_DEVICE_FAMILY = "1,2";
				TEST_HOST = "$(BUILT_PRODUCTS_DIR)/MCComponent.app/MCComponent";
			};
			name = Debug;
		};
		F84B2AF9216CC5D400CA1BCA /* Release */ = {
			isa = XCBuildConfiguration;
			buildSettings = {
				ALWAYS_EMBED_SWIFT_STANDARD_LIBRARIES = YES;
				BUNDLE_LOADER = "$(TEST_HOST)";
				CODE_SIGN_STYLE = Automatic;
				INFOPLIST_FILE = MCComponentTests/Info.plist;
				LD_RUNPATH_SEARCH_PATHS = (
					"$(inherited)",
					"@executable_path/Frameworks",
					"@loader_path/Frameworks",
				);
				PRODUCT_BUNDLE_IDENTIFIER = com.griddynamics.MCComponentTests;
				PRODUCT_NAME = "$(TARGET_NAME)";
				SWIFT_VERSION = 4.0;
				TARGETED_DEVICE_FAMILY = "1,2";
				TEST_HOST = "$(BUILT_PRODUCTS_DIR)/MCComponent.app/MCComponent";
			};
			name = Release;
		};
/* End XCBuildConfiguration section */

/* Begin XCConfigurationList section */
		F84B2AD2216CC5CF00CA1BCA /* Build configuration list for PBXProject "MCComponent" */ = {
			isa = XCConfigurationList;
			buildConfigurations = (
				F84B2AF2216CC5D400CA1BCA /* Debug */,
				F84B2AF3216CC5D400CA1BCA /* Release */,
			);
			defaultConfigurationIsVisible = 0;
			defaultConfigurationName = Release;
		};
		F84B2AF4216CC5D400CA1BCA /* Build configuration list for PBXNativeTarget "MCComponent" */ = {
			isa = XCConfigurationList;
			buildConfigurations = (
				F84B2AF5216CC5D400CA1BCA /* Debug */,
				F84B2AF6216CC5D400CA1BCA /* Release */,
			);
			defaultConfigurationIsVisible = 0;
			defaultConfigurationName = Release;
		};
		F84B2AF7216CC5D400CA1BCA /* Build configuration list for PBXNativeTarget "MCComponentTests" */ = {
			isa = XCConfigurationList;
			buildConfigurations = (
				F84B2AF8216CC5D400CA1BCA /* Debug */,
				F84B2AF9216CC5D400CA1BCA /* Release */,
			);
			defaultConfigurationIsVisible = 0;
			defaultConfigurationName = Release;
		};
/* End XCConfigurationList section */
	};
	rootObject = F84B2ACF216CC5CF00CA1BCA /* Project object */;
}
